{
  "version": 1,
  "dependencies": {
    "net8.0-windows7.0": {
      "Microsoft.NET.ILLink.Tasks": {
        "type": "Direct",
        "requested": "[8.0.18, )",
        "resolved": "8.0.18",
        "contentHash": "OiXqr2YIBEV9dsAWEtasK470ALyJ0VxJ9k4MotOxlWV6HeEgrJKYMW4HHj1OCCXvqE0/A25wEKPkpfiBARgDZA=="
      },
      "Mono.Options": {
        "type": "Direct",
        "requested": "[6.12.0.148, )",
        "resolved": "6.12.0.148",
        "contentHash": "kf6bdXnP4IzqIp4bJ1YKPI3/PAcOV6qm4mznChJ3c92zHQUXTWJSp0+h+Cfcii0O6m/EgW7KA+tbCiB2al0DDA=="
      },
      "pk3ds.core": {
        "type": "Project"
      }
    },
    "net8.0-windows7.0/win-x64": {}
  }
}