
Microsoft Visual Studio Solution File, Format Version 12.00
# Visual Studio Version 17
VisualStudioVersion = 17.14.36301.6 d17.14
MinimumVisualStudioVersion = 10.0.40219.1
Project("{FAE04EC0-301F-11D3-BF4B-00C04F79EFBC}") = "PCTRGen6Tools", "PCTRGen6Tools\PCTRGen6Tools.csproj", "{736D4F18-BF56-4392-97AA-97C9C8BD6735}"
EndProject
Project("{FAE04EC0-301F-11D3-BF4B-00C04F79EFBC}") = "pk3DS.Core", "pk3DS\pk3DS.Core\pk3DS.Core.csproj", "{FE23ACD3-C036-83EB-C646-7E66F066C201}"
EndProject
Global
	GlobalSection(SolutionConfigurationPlatforms) = preSolution
		Debug|Any CPU = Debug|Any CPU
		Release|Any CPU = Release|Any CPU
	EndGlobalSection
	GlobalSection(ProjectConfigurationPlatforms) = postSolution
		{736D4F18-BF56-4392-97AA-97C9C8BD6735}.Debug|Any CPU.ActiveCfg = Debug|Any CPU
		{736D4F18-BF56-4392-97AA-97C9C8BD6735}.Debug|Any CPU.Build.0 = Debug|Any CPU
		{736D4F18-BF56-4392-97AA-97C9C8BD6735}.Release|Any CPU.ActiveCfg = Release|Any CPU
		{736D4F18-BF56-4392-97AA-97C9C8BD6735}.Release|Any CPU.Build.0 = Release|Any CPU
		{FE23ACD3-C036-83EB-C646-7E66F066C201}.Debug|Any CPU.ActiveCfg = Debug|Any CPU
		{FE23ACD3-C036-83EB-C646-7E66F066C201}.Debug|Any CPU.Build.0 = Debug|Any CPU
		{FE23ACD3-C036-83EB-C646-7E66F066C201}.Release|Any CPU.ActiveCfg = Release|Any CPU
		{FE23ACD3-C036-83EB-C646-7E66F066C201}.Release|Any CPU.Build.0 = Release|Any CPU
	EndGlobalSection
	GlobalSection(SolutionProperties) = preSolution
		HideSolutionNode = FALSE
	EndGlobalSection
	GlobalSection(ExtensibilityGlobals) = postSolution
		SolutionGuid = {96A2F787-607A-4F96-A189-C25D250C6A2E}
	EndGlobalSection
EndGlobal
